// !$*UTF8*$!
{
	archiveVersion = 1;
	classes = {
	};
	objectVersion = 50;
	objects = {

/* Begin PBXBuildFile section */
		1E232AA8232E6916007BBEBE /* AddRecipePage.storyboard in Resources */ = {isa = PBXBuildFile; fileRef = 1E232AA7232E6916007BBEBE /* AddRecipePage.storyboard */; };
		287833A5232DD1D700D7975C /* IngredientsCellCollectionViewCell.swift in Sources */ = {isa = PBXBuildFile; fileRef = 287833A4232DD1D700D7975C /* IngredientsCellCollectionViewCell.swift */; };
		287833A7232E05DD00D7975C /* SwipeController.swift in Sources */ = {isa = PBXBuildFile; fileRef = 287833A6232E05DD00D7975C /* SwipeController.swift */; };
		287833A9232E147B00D7975C /* IngredientsTableViewController.swift in Sources */ = {isa = PBXBuildFile; fileRef = 287833A8232E147B00D7975C /* IngredientsTableViewController.swift */; };
		28AC2CB3232C509C00CE2DD6 /* NutritionViewController.swift in Sources */ = {isa = PBXBuildFile; fileRef = 28AC2CB2232C509C00CE2DD6 /* NutritionViewController.swift */; };
		28E4B0CF2318999F00459557 /* NutrientModel.swift in Sources */ = {isa = PBXBuildFile; fileRef = 28E4B0CE2318999F00459557 /* NutrientModel.swift */; };
		28E4B0D123189B7900459557 /* RecipeModel.swift in Sources */ = {isa = PBXBuildFile; fileRef = 28E4B0D023189B7900459557 /* RecipeModel.swift */; };
		28E4B0D32318C1B900459557 /* RecipeCollectionViewController.swift in Sources */ = {isa = PBXBuildFile; fileRef = 28E4B0D22318C1B900459557 /* RecipeCollectionViewController.swift */; };
		28E4B0D52318C31700459557 /* RecipeCollectionViewModel.swift in Sources */ = {isa = PBXBuildFile; fileRef = 28E4B0D42318C31700459557 /* RecipeCollectionViewModel.swift */; };
		28E4B0D72318C4D200459557 /* RecipeManager.swift in Sources */ = {isa = PBXBuildFile; fileRef = 28E4B0D62318C4D200459557 /* RecipeManager.swift */; };
		28F6DCC32310D44A00C4A6AC /* AppDelegate.swift in Sources */ = {isa = PBXBuildFile; fileRef = 28F6DCC22310D44A00C4A6AC /* AppDelegate.swift */; };
		28F6DCC52310D44A00C4A6AC /* RecipeDetailViewController.swift in Sources */ = {isa = PBXBuildFile; fileRef = 28F6DCC42310D44A00C4A6AC /* RecipeDetailViewController.swift */; };
		28F6DCC82310D44A00C4A6AC /* Main.storyboard in Resources */ = {isa = PBXBuildFile; fileRef = 28F6DCC62310D44A00C4A6AC /* Main.storyboard */; };
		28F6DCCA2310D44C00C4A6AC /* Assets.xcassets in Resources */ = {isa = PBXBuildFile; fileRef = 28F6DCC92310D44C00C4A6AC /* Assets.xcassets */; };
/* End PBXBuildFile section */

/* Begin PBXFileReference section */
		1E232AA7232E6916007BBEBE /* AddRecipePage.storyboard */ = {isa = PBXFileReference; fileEncoding = 4; lastKnownFileType = file.storyboard; path = AddRecipePage.storyboard; sourceTree = "<group>"; };
		287833A4232DD1D700D7975C /* IngredientsCellCollectionViewCell.swift */ = {isa = PBXFileReference; lastKnownFileType = sourcecode.swift; path = IngredientsCellCollectionViewCell.swift; sourceTree = "<group>"; };
		287833A6232E05DD00D7975C /* SwipeController.swift */ = {isa = PBXFileReference; lastKnownFileType = sourcecode.swift; path = SwipeController.swift; sourceTree = "<group>"; };
		287833A8232E147B00D7975C /* IngredientsTableViewController.swift */ = {isa = PBXFileReference; lastKnownFileType = sourcecode.swift; path = IngredientsTableViewController.swift; sourceTree = "<group>"; };
		28AC2CB2232C509C00CE2DD6 /* NutritionViewController.swift */ = {isa = PBXFileReference; lastKnownFileType = sourcecode.swift; path = NutritionViewController.swift; sourceTree = "<group>"; };
		28E4B0CE2318999F00459557 /* NutrientModel.swift */ = {isa = PBXFileReference; lastKnownFileType = sourcecode.swift; path = NutrientModel.swift; sourceTree = "<group>"; };
		28E4B0D023189B7900459557 /* RecipeModel.swift */ = {isa = PBXFileReference; lastKnownFileType = sourcecode.swift; path = RecipeModel.swift; sourceTree = "<group>"; };
		28E4B0D22318C1B900459557 /* RecipeCollectionViewController.swift */ = {isa = PBXFileReference; lastKnownFileType = sourcecode.swift; path = RecipeCollectionViewController.swift; sourceTree = "<group>"; };
		28E4B0D42318C31700459557 /* RecipeCollectionViewModel.swift */ = {isa = PBXFileReference; lastKnownFileType = sourcecode.swift; path = RecipeCollectionViewModel.swift; sourceTree = "<group>"; };
		28E4B0D62318C4D200459557 /* RecipeManager.swift */ = {isa = PBXFileReference; lastKnownFileType = sourcecode.swift; path = RecipeManager.swift; sourceTree = "<group>"; };
		28F6DCBF2310D44A00C4A6AC /* RecipeApp.app */ = {isa = PBXFileReference; explicitFileType = wrapper.application; includeInIndex = 0; path = RecipeApp.app; sourceTree = BUILT_PRODUCTS_DIR; };
		28F6DCC22310D44A00C4A6AC /* AppDelegate.swift */ = {isa = PBXFileReference; lastKnownFileType = sourcecode.swift; path = AppDelegate.swift; sourceTree = "<group>"; };
		28F6DCC42310D44A00C4A6AC /* RecipeDetailViewController.swift */ = {isa = PBXFileReference; lastKnownFileType = sourcecode.swift; path = RecipeDetailViewController.swift; sourceTree = "<group>"; };
		28F6DCC72310D44A00C4A6AC /* Base */ = {isa = PBXFileReference; lastKnownFileType = file.storyboard; name = Base; path = Base.lproj/Main.storyboard; sourceTree = "<group>"; };
		28F6DCC92310D44C00C4A6AC /* Assets.xcassets */ = {isa = PBXFileReference; lastKnownFileType = folder.assetcatalog; path = Assets.xcassets; sourceTree = "<group>"; };
		28F6DCCE2310D44C00C4A6AC /* Info.plist */ = {isa = PBXFileReference; lastKnownFileType = text.plist.xml; path = Info.plist; sourceTree = "<group>"; };
/* End PBXFileReference section */

/* Begin PBXFrameworksBuildPhase section */
		28F6DCBC2310D44A00C4A6AC /* Frameworks */ = {
			isa = PBXFrameworksBuildPhase;
			buildActionMask = 2147483647;
			files = (
			);
			runOnlyForDeploymentPostprocessing = 0;
		};
/* End PBXFrameworksBuildPhase section */

/* Begin PBXGroup section */
		28F6DCB62310D44A00C4A6AC = {
			isa = PBXGroup;
			children = (
				28F6DCC12310D44A00C4A6AC /* RecipeApp */,
				28F6DCC02310D44A00C4A6AC /* Products */,
			);
			sourceTree = "<group>";
		};
		28F6DCC02310D44A00C4A6AC /* Products */ = {
			isa = PBXGroup;
			children = (
				28F6DCBF2310D44A00C4A6AC /* RecipeApp.app */,
			);
			name = Products;
			sourceTree = "<group>";
		};
		28F6DCC12310D44A00C4A6AC /* RecipeApp */ = {
			isa = PBXGroup;
			children = (
				28F6DCD62310D47A00C4A6AC /* ViewModel */,
				28F6DCD52310D45A00C4A6AC /* View */,
				28F6DCD42310D45200C4A6AC /* Model */,
				28F6DCC22310D44A00C4A6AC /* AppDelegate.swift */,
				28F6DCC92310D44C00C4A6AC /* Assets.xcassets */,
				28F6DCCE2310D44C00C4A6AC /* Info.plist */,
			);
			path = RecipeApp;
			sourceTree = "<group>";
		};
		28F6DCD42310D45200C4A6AC /* Model */ = {
			isa = PBXGroup;
			children = (
				28E4B0CE2318999F00459557 /* NutrientModel.swift */,
				28E4B0D023189B7900459557 /* RecipeModel.swift */,
				28E4B0D62318C4D200459557 /* RecipeManager.swift */,
			);
			path = Model;
			sourceTree = "<group>";
		};
		28F6DCD52310D45A00C4A6AC /* View */ = {
			isa = PBXGroup;
			children = (
				1E232AA7232E6916007BBEBE /* AddRecipePage.storyboard */,
				28F6DCC62310D44A00C4A6AC /* Main.storyboard */,
			);
			path = View;
			sourceTree = "<group>";
		};
		28F6DCD62310D47A00C4A6AC /* ViewModel */ = {
			isa = PBXGroup;
			children = (
				28F6DCC42310D44A00C4A6AC /* RecipeDetailViewController.swift */,
				28E4B0D22318C1B900459557 /* RecipeCollectionViewController.swift */,
				28E4B0D42318C31700459557 /* RecipeCollectionViewModel.swift */,
				28AC2CB2232C509C00CE2DD6 /* NutritionViewController.swift */,
				287833A4232DD1D700D7975C /* IngredientsCellCollectionViewCell.swift */,
				287833A6232E05DD00D7975C /* SwipeController.swift */,
				287833A8232E147B00D7975C /* IngredientsTableViewController.swift */,
			);
			path = ViewModel;
			sourceTree = "<group>";
		};
/* End PBXGroup section */

/* Begin PBXNativeTarget section */
		28F6DCBE2310D44A00C4A6AC /* RecipeApp */ = {
			isa = PBXNativeTarget;
			buildConfigurationList = 28F6DCD12310D44C00C4A6AC /* Build configuration list for PBXNativeTarget "RecipeApp" */;
			buildPhases = (
				28F6DCBB2310D44A00C4A6AC /* Sources */,
				28F6DCBC2310D44A00C4A6AC /* Frameworks */,
				28F6DCBD2310D44A00C4A6AC /* Resources */,
			);
			buildRules = (
			);
			dependencies = (
			);
			name = RecipeApp;
			productName = RecipeApp;
			productReference = 28F6DCBF2310D44A00C4A6AC /* RecipeApp.app */;
			productType = "com.apple.product-type.application";
		};
/* End PBXNativeTarget section */

/* Begin PBXProject section */
		28F6DCB72310D44A00C4A6AC /* Project object */ = {
			isa = PBXProject;
			attributes = {
				LastSwiftUpdateCheck = 1030;
				LastUpgradeCheck = 1030;
				ORGANIZATIONNAME = "Avital Miskella";
				TargetAttributes = {
					28F6DCBE2310D44A00C4A6AC = {
						CreatedOnToolsVersion = 10.3;
					};
				};
			};
			buildConfigurationList = 28F6DCBA2310D44A00C4A6AC /* Build configuration list for PBXProject "RecipeApp" */;
			compatibilityVersion = "Xcode 9.3";
			developmentRegion = en;
			hasScannedForEncodings = 0;
			knownRegions = (
				en,
				Base,
			);
			mainGroup = 28F6DCB62310D44A00C4A6AC;
			productRefGroup = 28F6DCC02310D44A00C4A6AC /* Products */;
			projectDirPath = "";
			projectRoot = "";
			targets = (
				28F6DCBE2310D44A00C4A6AC /* RecipeApp */,
			);
		};
/* End PBXProject section */

/* Begin PBXResourcesBuildPhase section */
		28F6DCBD2310D44A00C4A6AC /* Resources */ = {
			isa = PBXResourcesBuildPhase;
			buildActionMask = 2147483647;
			files = (
				28F6DCCA2310D44C00C4A6AC /* Assets.xcassets in Resources */,
				28F6DCC82310D44A00C4A6AC /* Main.storyboard in Resources */,
				1E232AA8232E6916007BBEBE /* AddRecipePage.storyboard in Resources */,
			);
			runOnlyForDeploymentPostprocessing = 0;
		};
/* End PBXResourcesBuildPhase section */

/* Begin PBXSourcesBuildPhase section */
		28F6DCBB2310D44A00C4A6AC /* Sources */ = {
			isa = PBXSourcesBuildPhase;
			buildActionMask = 2147483647;
			files = (
				287833A7232E05DD00D7975C /* SwipeController.swift in Sources */,
				287833A5232DD1D700D7975C /* IngredientsCellCollectionViewCell.swift in Sources */,
				28E4B0CF2318999F00459557 /* NutrientModel.swift in Sources */,
				28E4B0D72318C4D200459557 /* RecipeManager.swift in Sources */,
				28AC2CB3232C509C00CE2DD6 /* NutritionViewController.swift in Sources */,
				287833A9232E147B00D7975C /* IngredientsTableViewController.swift in Sources */,
				28E4B0D32318C1B900459557 /* RecipeCollectionViewController.swift in Sources */,
				28E4B0D123189B7900459557 /* RecipeModel.swift in Sources */,
				28F6DCC52310D44A00C4A6AC /* RecipeDetailViewController.swift in Sources */,
				28E4B0D52318C31700459557 /* RecipeCollectionViewModel.swift in Sources */,
				28F6DCC32310D44A00C4A6AC /* AppDelegate.swift in Sources */,
			);
			runOnlyForDeploymentPostprocessing = 0;
		};
/* End PBXSourcesBuildPhase section */

/* Begin PBXVariantGroup section */
		28F6DCC62310D44A00C4A6AC /* Main.storyboard */ = {
			isa = PBXVariantGroup;
			children = (
				28F6DCC72310D44A00C4A6AC /* Base */,
			);
			name = Main.storyboard;
			sourceTree = "<group>";
		};
/* End PBXVariantGroup section */

/* Begin XCBuildConfiguration section */
		28F6DCCF2310D44C00C4A6AC /* Debug */ = {
			isa = XCBuildConfiguration;
			buildSettings = {
				ALWAYS_SEARCH_USER_PATHS = NO;
				CLANG_ANALYZER_NONNULL = YES;
				CLANG_ANALYZER_NUMBER_OBJECT_CONVERSION = YES_AGGRESSIVE;
				CLANG_CXX_LANGUAGE_STANDARD = "gnu++14";
				CLANG_CXX_LIBRARY = "libc++";
				CLANG_ENABLE_MODULES = YES;
				CLANG_ENABLE_OBJC_ARC = YES;
				CLANG_ENABLE_OBJC_WEAK = YES;
				CLANG_WARN_BLOCK_CAPTURE_AUTORELEASING = YES;
				CLANG_WARN_BOOL_CONVERSION = YES;
				CLANG_WARN_COMMA = YES;
				CLANG_WARN_CONSTANT_CONVERSION = YES;
				CLANG_WARN_DEPRECATED_OBJC_IMPLEMENTATIONS = YES;
				CLANG_WARN_DIRECT_OBJC_ISA_USAGE = YES_ERROR;
				CLANG_WARN_DOCUMENTATION_COMMENTS = YES;
				CLANG_WARN_EMPTY_BODY = YES;
				CLANG_WARN_ENUM_CONVERSION = YES;
				CLANG_WARN_INFINITE_RECURSION = YES;
				CLANG_WARN_INT_CONVERSION = YES;
				CLANG_WARN_NON_LITERAL_NULL_CONVERSION = YES;
				CLANG_WARN_OBJC_IMPLICIT_RETAIN_SELF = YES;
				CLANG_WARN_OBJC_LITERAL_CONVERSION = YES;
				CLANG_WARN_OBJC_ROOT_CLASS = YES_ERROR;
				CLANG_WARN_RANGE_LOOP_ANALYSIS = YES;
				CLANG_WARN_STRICT_PROTOTYPES = YES;
				CLANG_WARN_SUSPICIOUS_MOVE = YES;
				CLANG_WARN_UNGUARDED_AVAILABILITY = YES_AGGRESSIVE;
				CLANG_WARN_UNREACHABLE_CODE = YES;
				CLANG_WARN__DUPLICATE_METHOD_MATCH = YES;
				CODE_SIGN_IDENTITY = "iPhone Developer";
				COPY_PHASE_STRIP = NO;
				DEBUG_INFORMATION_FORMAT = dwarf;
				ENABLE_STRICT_OBJC_MSGSEND = YES;
				ENABLE_TESTABILITY = YES;
				GCC_C_LANGUAGE_STANDARD = gnu11;
				GCC_DYNAMIC_NO_PIC = NO;
				GCC_NO_COMMON_BLOCKS = YES;
				GCC_OPTIMIZATION_LEVEL = 0;
				GCC_PREPROCESSOR_DEFINITIONS = (
					"DEBUG=1",
					"$(inherited)",
				);
				GCC_WARN_64_TO_32_BIT_CONVERSION = YES;
				GCC_WARN_ABOUT_RETURN_TYPE = YES_ERROR;
				GCC_WARN_UNDECLARED_SELECTOR = YES;
				GCC_WARN_UNINITIALIZED_AUTOS = YES_AGGRESSIVE;
				GCC_WARN_UNUSED_FUNCTION = YES;
				GCC_WARN_UNUSED_VARIABLE = YES;
				IPHONEOS_DEPLOYMENT_TARGET = 12.4;
				MTL_ENABLE_DEBUG_INFO = INCLUDE_SOURCE;
				MTL_FAST_MATH = YES;
				ONLY_ACTIVE_ARCH = YES;
				SDKROOT = iphoneos;
				SWIFT_ACTIVE_COMPILATION_CONDITIONS = DEBUG;
				SWIFT_OPTIMIZATION_LEVEL = "-Onone";
			};
			name = Debug;
		};
		28F6DCD02310D44C00C4A6AC /* Release */ = {
			isa = XCBuildConfiguration;
			buildSettings = {
				ALWAYS_SEARCH_USER_PATHS = NO;
				CLANG_ANALYZER_NONNULL = YES;
				CLANG_ANALYZER_NUMBER_OBJECT_CONVERSION = YES_AGGRESSIVE;
				CLANG_CXX_LANGUAGE_STANDARD = "gnu++14";
				CLANG_CXX_LIBRARY = "libc++";
				CLANG_ENABLE_MODULES = YES;
				CLANG_ENABLE_OBJC_ARC = YES;
				CLANG_ENABLE_OBJC_WEAK = YES;
				CLANG_WARN_BLOCK_CAPTURE_AUTORELEASING = YES;
				CLANG_WARN_BOOL_CONVERSION = YES;
				CLANG_WARN_COMMA = YES;
				CLANG_WARN_CONSTANT_CONVERSION = YES;
				CLANG_WARN_DEPRECATED_OBJC_IMPLEMENTATIONS = YES;
				CLANG_WARN_DIRECT_OBJC_ISA_USAGE = YES_ERROR;
				CLANG_WARN_DOCUMENTATION_COMMENTS = YES;
				CLANG_WARN_EMPTY_BODY = YES;
				CLANG_WARN_ENUM_CONVERSION = YES;
				CLANG_WARN_INFINITE_RECURSION = YES;
				CLANG_WARN_INT_CONVERSION = YES;
				CLANG_WARN_NON_LITERAL_NULL_CONVERSION = YES;
				CLANG_WARN_OBJC_IMPLICIT_RETAIN_SELF = YES;
				CLANG_WARN_OBJC_LITERAL_CONVERSION = YES;
				CLANG_WARN_OBJC_ROOT_CLASS = YES_ERROR;
				CLANG_WARN_RANGE_LOOP_ANALYSIS = YES;
				CLANG_WARN_STRICT_PROTOTYPES = YES;
				CLANG_WARN_SUSPICIOUS_MOVE = YES;
				CLANG_WARN_UNGUARDED_AVAILABILITY = YES_AGGRESSIVE;
				CLANG_WARN_UNREACHABLE_CODE = YES;
				CLANG_WARN__DUPLICATE_METHOD_MATCH = YES;
				CODE_SIGN_IDENTITY = "iPhone Developer";
				COPY_PHASE_STRIP = NO;
				DEBUG_INFORMATION_FORMAT = "dwarf-with-dsym";
				ENABLE_NS_ASSERTIONS = NO;
				ENABLE_STRICT_OBJC_MSGSEND = YES;
				GCC_C_LANGUAGE_STANDARD = gnu11;
				GCC_NO_COMMON_BLOCKS = YES;
				GCC_WARN_64_TO_32_BIT_CONVERSION = YES;
				GCC_WARN_ABOUT_RETURN_TYPE = YES_ERROR;
				GCC_WARN_UNDECLARED_SELECTOR = YES;
				GCC_WARN_UNINITIALIZED_AUTOS = YES_AGGRESSIVE;
				GCC_WARN_UNUSED_FUNCTION = YES;
				GCC_WARN_UNUSED_VARIABLE = YES;
				IPHONEOS_DEPLOYMENT_TARGET = 12.4;
				MTL_ENABLE_DEBUG_INFO = NO;
				MTL_FAST_MATH = YES;
				SDKROOT = iphoneos;
				SWIFT_COMPILATION_MODE = wholemodule;
				SWIFT_OPTIMIZATION_LEVEL = "-O";
				VALIDATE_PRODUCT = YES;
			};
			name = Release;
		};
		28F6DCD22310D44C00C4A6AC /* Debug */ = {
			isa = XCBuildConfiguration;
			buildSettings = {
				ASSETCATALOG_COMPILER_APPICON_NAME = AppIcon;
				CODE_SIGN_STYLE = Automatic;
				DEVELOPMENT_TEAM = "";
				INFOPLIST_FILE = RecipeApp/Info.plist;
				IPHONEOS_DEPLOYMENT_TARGET = 9.0;
				LD_RUNPATH_SEARCH_PATHS = (
					"$(inherited)",
					"@executable_path/Frameworks",
				);
				PRODUCT_BUNDLE_IDENTIFIER = av.RecipeApp;
				PRODUCT_NAME = "$(TARGET_NAME)";
				SWIFT_VERSION = 5.0;
				TARGETED_DEVICE_FAMILY = "1,2";
			};
			name = Debug;
		};
		28F6DCD32310D44C00C4A6AC /* Release */ = {
			isa = XCBuildConfiguration;
			buildSettings = {
				ASSETCATALOG_COMPILER_APPICON_NAME = AppIcon;
				CODE_SIGN_STYLE = Automatic;
				DEVELOPMENT_TEAM = "";
				INFOPLIST_FILE = RecipeApp/Info.plist;
				IPHONEOS_DEPLOYMENT_TARGET = 9.0;
				LD_RUNPATH_SEARCH_PATHS = (
					"$(inherited)",
					"@executable_path/Frameworks",
				);
				PRODUCT_BUNDLE_IDENTIFIER = av.RecipeApp;
				PRODUCT_NAME = "$(TARGET_NAME)";
				SWIFT_VERSION = 5.0;
				TARGETED_DEVICE_FAMILY = "1,2";
			};
			name = Release;
		};
/* End XCBuildConfiguration section */

/* Begin XCConfigurationList section */
		28F6DCBA2310D44A00C4A6AC /* Build configuration list for PBXProject "RecipeApp" */ = {
			isa = XCConfigurationList;
			buildConfigurations = (
				28F6DCCF2310D44C00C4A6AC /* Debug */,
				28F6DCD02310D44C00C4A6AC /* Release */,
			);
			defaultConfigurationIsVisible = 0;
			defaultConfigurationName = Release;
		};
		28F6DCD12310D44C00C4A6AC /* Build configuration list for PBXNativeTarget "RecipeApp" */ = {
			isa = XCConfigurationList;
			buildConfigurations = (
				28F6DCD22310D44C00C4A6AC /* Debug */,
				28F6DCD32310D44C00C4A6AC /* Release */,
			);
			defaultConfigurationIsVisible = 0;
			defaultConfigurationName = Release;
		};
/* End XCConfigurationList section */
	};
	rootObject = 28F6DCB72310D44A00C4A6AC /* Project object */;
}
